
Microsoft Visual Studio Solution File, Format Version 12.00
# Visual Studio Version 17
VisualStudioVersion = 17.9.34616.47
MinimumVisualStudioVersion = 10.0.40219.1
Project("{FAE04EC0-301F-11D3-BF4B-00C04F79EFBC}") = "WPFSystemprogramming1", "WPFSystemprogramming1.csproj", "{FCA663D1-63E2-4164-A273-A90E2F788877}"
EndProject
Global
	GlobalSection(SolutionConfigurationPlatforms) = preSolution
		Debug|Any CPU = Debug|Any CPU
		Release|Any CPU = Release|Any CPU
	EndGlobalSection
	GlobalSection(ProjectConfigurationPlatforms) = postSolution
		{FCA663D1-63E2-4164-A273-A90E2F788877}.Debug|Any CPU.ActiveCfg = Debug|Any CPU
		{FCA663D1-63E2-4164-A273-A90E2F788877}.Debug|Any CPU.Build.0 = Debug|Any CPU
		{FCA663D1-63E2-4164-A273-A90E2F788877}.Release|Any CPU.ActiveCfg = Release|Any CPU
		{FCA663D1-63E2-4164-A273-A90E2F788877}.Release|Any CPU.Build.0 = Release|Any CPU
	EndGlobalSection
	GlobalSection(SolutionProperties) = preSolution
		HideSolutionNode = FALSE
	EndGlobalSection
	GlobalSection(ExtensibilityGlobals) = postSolution
		SolutionGuid = {F9255C1E-55D4-4BC1-AEF2-8EB8197E3008}
	EndGlobalSection
EndGlobal
